{
  "name": "@workspace/api-server",
  "version": "0.0.0",
  "private": true,
  "type": "module",
  "scripts": {
    "dev": "export NODE_ENV=development && pnpm run build && pnpm run start",
    "build": "node ./build.mjs",
    "start": "node --enable-source-maps ./dist/index.mjs",
    "typecheck": "tsc -p tsconfig.json --noEmit",
    "vercel-build": "pnpm run build"
  },
  "dependencies": {
    "@workspace/api-zod": "workspace:*",
    "@workspace/db": "workspace:*",
    "bcryptjs": "^2.4.3",
    "cookie-parser": "^1.4.7",
    "cors": "^2",
    "dotenv": "^17.4.1",
    "drizzle-orm": "catalog:",
    "express": "^5",
    "pino": "^9",
    "pino-http": "^10",
    "socket.io": "^4.7.5"
  },
  "devDependencies": {
    "@types/cookie-parser": "^1.4.10",
    "@types/cors": "^2.8.19",
    "@types/express": "^5.0.6",
    "@types/node": "^22.0.0",
    "esbuild": "^0.25.1",
    "esbuild-plugin-pino": "^1.1.0",
    "typescript": "~5.9.2"
  }
}
